# THIS IS AN AUTOGENERATED FILE. DO NOT EDIT THIS FILE DIRECTLY.
# yarn lockfile v1


react-webcam@^7.2.0:
  version "7.2.0"
  resolved "https://registry.yarnpkg.com/react-webcam/-/react-webcam-7.2.0.tgz#64141c4c7bdd3e956620500187fa3fcc77e1fd49"
  integrity sha512-xkrzYPqa1ag2DP+2Q/kLKBmCIfEx49bVdgCCCcZf88oF+0NPEbkwYk3/s/C7Zy0mhM8k+hpdNkBLzxg8H0aWcg==
